Microsoft Visual Studio Solution File, Format Version 12.00
# Visual Studio Version 17
VisualStudioVersion = 17.0.31903.59
MinimumVisualStudioVersion = 10.0.40219.1
Project("{FAE04EC0-301F-11D3-BF4B-00C04F79EFBC}") = "BO3SoundSuite", "BO3SoundSuite.csproj", "{7D5C87E7-3B94-4F66-B373-A2F9DA75A5D2}"
EndProject
Global
	GlobalSection(SolutionConfigurationPlatforms) = preSolution
		Debug|Any CPU = Debug|Any CPU
		Release|Any CPU = Release|Any CPU
	EndGlobalSection
	GlobalSection(ProjectConfigurationPlatforms) = postSolution
		{7D5C87E7-3B94-4F66-B373-A2F9DA75A5D2}.Debug|Any CPU.ActiveCfg = Debug|Any CPU
		{7D5C87E7-3B94-4F66-B373-A2F9DA75A5D2}.Debug|Any CPU.Build.0 = Debug|Any CPU
		{7D5C87E7-3B94-4F66-B373-A2F9DA75A5D2}.Release|Any CPU.ActiveCfg = Release|Any CPU
		{7D5C87E7-3B94-4F66-B373-A2F9DA75A5D2}.Release|Any CPU.Build.0 = Release|Any CPU
	EndGlobalSection
EndGlobal
